// !$*UTF8*$!
{
	archiveVersion = 1;
	classes = {
	};
	objectVersion = 77;
	objects = {

/* Begin PBXBuildFile section */
		06C2E07EE5FBAE507ACB0421 /* TransactionsView.swift in Sources */ = {isa = PBXBuildFile; fileRef = 73D14C95CDD0E974493F20BB /* TransactionsView.swift */; };
		167DD8D94BD2C94A5D09FCC6 /* RootView.swift in Sources */ = {isa = PBXBuildFile; fileRef = A85E6C13F1FA6E8EA17F750A /* RootView.swift */; };
		17D35A490B812757B7DA1041 /* SeedData.swift in Sources */ = {isa = PBXBuildFile; fileRef = 407761AC420D582595A7D633 /* SeedData.swift */; };
		21AA1302B7738A6C9CA2D1E6 /* BalanceCard.swift in Sources */ = {isa = PBXBuildFile; fileRef = 27E58734E2A21885346D26E0 /* BalanceCard.swift */; };
		2BE98E5E17B28677AC3D2AD8 /* DashboardView.swift in Sources */ = {isa = PBXBuildFile; fileRef = 775C52DD1AEBBCB4437D4D83 /* DashboardView.swift */; };
		4E799AAC5FE4E53DE66E999A /* Category.swift in Sources */ = {isa = PBXBuildFile; fileRef = F053C63C61980B18AA6263E4 /* Category.swift */; };
		552850B5EC610AD21FD28F95 /* Currency.swift in Sources */ = {isa = PBXBuildFile; fileRef = A343B877C383A2628511AF5E /* Currency.swift */; };
		5FDC9958AC1B5F7B003A4C73 /* AddEditTransactionView.swift in Sources */ = {isa = PBXBuildFile; fileRef = D0A00CBB4D610338F0B810C6 /* AddEditTransactionView.swift */; };
		708A7E841F0FE54C408D2E08 /* AccountDetailView.swift in Sources */ = {isa = PBXBuildFile; fileRef = D76D2AF0CE6FEC33302AB61E /* AccountDetailView.swift */; };
		82765C0497359E218868B01F /* TransactionRow.swift in Sources */ = {isa = PBXBuildFile; fileRef = 3C39D70C12B091E664ADBDE4 /* TransactionRow.swift */; };
		9CFCDC8334BB2628623BFD6D /* AddEditAccountView.swift in Sources */ = {isa = PBXBuildFile; fileRef = 5AA91C436EA64527214D120E /* AddEditAccountView.swift */; };
		BC170E5903A1EED10F891F85 /* Assets.xcassets in Resources */ = {isa = PBXBuildFile; fileRef = FF689CB36E8CEEFF2657D413 /* Assets.xcassets */; };
		BDDA758C9D4C28BFA7174B8A /* FinTrackApp.swift in Sources */ = {isa = PBXBuildFile; fileRef = FA75C9EEFB489048F50342E4 /* FinTrackApp.swift */; };
		E6979FF6D154A0B6E9A76A9D /* AccountsView.swift in Sources */ = {isa = PBXBuildFile; fileRef = 67FAEBACAD08ED3AFEEB2279 /* AccountsView.swift */; };
		E84D84543E5267B1FE8DC415 /* ColorPalette.swift in Sources */ = {isa = PBXBuildFile; fileRef = D34E6F10D5FEAE7E5D0BD329 /* ColorPalette.swift */; };
		F1F79896855354F2AE090AA5 /* Account.swift in Sources */ = {isa = PBXBuildFile; fileRef = 7F69296D8AA5AFFC56CE2664 /* Account.swift */; };
		F4ECF44923BC9CF1C85E7CD2 /* Transaction.swift in Sources */ = {isa = PBXBuildFile; fileRef = F1829FFD6EB0076039DC19BA /* Transaction.swift */; };
		FEBFF9935E3B84CAFF02F78B /* SettingsView.swift in Sources */ = {isa = PBXBuildFile; fileRef = 5A597BF7A45068D64338863D /* SettingsView.swift */; };
		F998DE904FFBE7D2F5D927AD /* RecurringTransaction.swift in Sources */ = {isa = PBXBuildFile; fileRef = D9176C3292D9569EDEF8512C /* RecurringTransaction.swift */; };
		9A9A32443827A9E6E22D2FB5 /* RecurringTransactionManager.swift in Sources */ = {isa = PBXBuildFile; fileRef = 9D910816B5A699244FFADFE9 /* RecurringTransactionManager.swift */; };
		0C59EC5012BEF259DE21BBCC /* RecurrencesView.swift in Sources */ = {isa = PBXBuildFile; fileRef = 125B9AC2D8CD958FFECBB5FA /* RecurrencesView.swift */; };
		2250CF4D4FD7001E13E78B0E /* AddEditRecurringTransactionView.swift in Sources */ = {isa = PBXBuildFile; fileRef = 87196A76F8540EA9918B575D /* AddEditRecurringTransactionView.swift */; };
		2CF09101984C7B1944C4FF8D /* AnalyticsDashboardSection.swift in Sources */ = {isa = PBXBuildFile; fileRef = DD7E5055F049060968A35BC2 /* AnalyticsDashboardSection.swift */; };
		EA26B5D8845B5574CC95F6D5 /* Loan.swift in Sources */ = {isa = PBXBuildFile; fileRef = A204CEC139DE3F9972A7105F /* Loan.swift */; };
		EA43985DFCDBD7FB640756EA /* LoansView.swift in Sources */ = {isa = PBXBuildFile; fileRef = 9DE24C75EEF2EB296CAEC7C6 /* LoansView.swift */; };
		0888FE86DAB2CEB5D0AC686E /* AddEditLoanView.swift in Sources */ = {isa = PBXBuildFile; fileRef = 48FB8C0B8F9F61AFDAAE3CC8 /* AddEditLoanView.swift */; };
		DE008E493C4E18AF10D610BA /* LoanDetailView.swift in Sources */ = {isa = PBXBuildFile; fileRef = 42FE84BCE1DA47E72CDEFF11 /* LoanDetailView.swift */; };
		FE3B8A1C888D722ABC7F5EFE /* SavingsProject.swift in Sources */ = {isa = PBXBuildFile; fileRef = 09E9D94757A025D488746867 /* SavingsProject.swift */; };
		27241ABC7410EE7C310C75F2 /* CashFlowCalculator.swift in Sources */ = {isa = PBXBuildFile; fileRef = 72EA414C4647414C1515F2B7 /* CashFlowCalculator.swift */; };
		38DAAD8E9452CF6C3582E97A /* BudgetDashboardSection.swift in Sources */ = {isa = PBXBuildFile; fileRef = D995ACD7F6C34F34F3A6E7EF /* BudgetDashboardSection.swift */; };
		F4DCA360B6ACAA99F7307DAC /* CashFlowView.swift in Sources */ = {isa = PBXBuildFile; fileRef = 5D40FDCA06BF2AE15F1C2F41 /* CashFlowView.swift */; };
		AE60CEFED9D0DD214526F2A5 /* SavingsProjectsView.swift in Sources */ = {isa = PBXBuildFile; fileRef = 14B35D753C984C03593B1E14 /* SavingsProjectsView.swift */; };
		D3132619822C0C4058E1003E /* AddEditSavingsProjectView.swift in Sources */ = {isa = PBXBuildFile; fileRef = 0594AECB8C2D7DB539637464 /* AddEditSavingsProjectView.swift */; };
		30D49F78C629D486133B32EA /* CreditLine.swift in Sources */ = {isa = PBXBuildFile; fileRef = EFDACD9A3259A35308F6BC6C /* CreditLine.swift */; };
		CFDF8BF2054547B463B99102 /* CreditLineInterestManager.swift in Sources */ = {isa = PBXBuildFile; fileRef = E2DFC423EA38CCA94DF33868 /* CreditLineInterestManager.swift */; };
		6BFFE1A86BA7279E283FD974 /* AddCreditLineEntryView.swift in Sources */ = {isa = PBXBuildFile; fileRef = 76A183E86788833043A7F4DD /* AddCreditLineEntryView.swift */; };
		682808AEF32512F27D8FB7C1 /* AddEditCreditLineView.swift in Sources */ = {isa = PBXBuildFile; fileRef = 693704C10FF0BF3B5D6DF6BD /* AddEditCreditLineView.swift */; };
		51B74CD0991B998803F9E5C7 /* CreditLineDetailView.swift in Sources */ = {isa = PBXBuildFile; fileRef = 456056A2B099C049455F7F10 /* CreditLineDetailView.swift */; };
		DDB2F3FECBB5936CA4DEE2C8 /* CreditLinesView.swift in Sources */ = {isa = PBXBuildFile; fileRef = 7145838E99C6BA90AEC4B3A8 /* CreditLinesView.swift */; };
		2926639C4AF2BA98292F8449 /* LanguageManager.swift in Sources */ = {isa = PBXBuildFile; fileRef = 62D587BE21232886BA5D9106 /* LanguageManager.swift */; };
		993DA07AD716A11C96937DE7 /* LocalizedStrings.swift in Sources */ = {isa = PBXBuildFile; fileRef = 89CEF3E35A77FC2463375FDF /* LocalizedStrings.swift */; };
		BF188BDB02A23E67496A284C /* LoanPrepayment.swift in Sources */ = {isa = PBXBuildFile; fileRef = D95AE7FDBD46765CF2C459EA /* LoanPrepayment.swift */; };
		2587F30F1BF1B29FD2DC8719 /* AddEditPrepaymentView.swift in Sources */ = {isa = PBXBuildFile; fileRef = D5E887C892C53194E107C95F /* AddEditPrepaymentView.swift */; };
		774109B734D18248ECD4F416 /* BankDirectory.swift in Sources */ = {isa = PBXBuildFile; fileRef = F982256D2C20677F23F33DD8 /* BankDirectory.swift */; };
		7D059B45A90CB57BC3BFC495 /* BankPicker.swift in Sources */ = {isa = PBXBuildFile; fileRef = C574E73ABDB03518FD603080 /* BankPicker.swift */; };
		C75FD39211FB65E073E06050 /* NotificationManager.swift in Sources */ = {isa = PBXBuildFile; fileRef = 52E6CA305937C42E1A7876E1 /* NotificationManager.swift */; };
		D2E79662D386F09A8C63CAB6 /* NotificationSettingsView.swift in Sources */ = {isa = PBXBuildFile; fileRef = 91BA447ECCCEE2FB354E8567 /* NotificationSettingsView.swift */; };
		6CDB792AA2777C3185F37CFB /* CloudSyncSettingsView.swift in Sources */ = {isa = PBXBuildFile; fileRef = E64FF7387150CEBF8373B32B /* CloudSyncSettingsView.swift */; };
		8561D93BA3DC5F3724D6D4E4 /* KeychainHelper.swift in Sources */ = {isa = PBXBuildFile; fileRef = 7840AC4B4E9DA179D9976AC7 /* KeychainHelper.swift */; };
		D1B8F88A1E4E922C528CA93D /* AppLockManager.swift in Sources */ = {isa = PBXBuildFile; fileRef = 0B72FF2424D35F721606F127 /* AppLockManager.swift */; };
		106920A3035FA69C37399ECA /* PINPadView.swift in Sources */ = {isa = PBXBuildFile; fileRef = 3BFAB9613F2B876A3FA7FEBA /* PINPadView.swift */; };
		68F3D04A333D2D5EDB205F04 /* SetupAccountView.swift in Sources */ = {isa = PBXBuildFile; fileRef = 61C7CEFB4A6B79D138F46FB7 /* SetupAccountView.swift */; };
		BC7733275899CA03991394EE /* LockScreenView.swift in Sources */ = {isa = PBXBuildFile; fileRef = 403A0459018CFBCADE61C6A9 /* LockScreenView.swift */; };
		9183DA68EC21250E54CF158E /* SecuritySettingsView.swift in Sources */ = {isa = PBXBuildFile; fileRef = FAA915273C2BA2663313592B /* SecuritySettingsView.swift */; };
		362BA39F7593D58F36CB132C /* Budget.swift in Sources */ = {isa = PBXBuildFile; fileRef = C6DAFB438F747F3A4E7B1F0A /* Budget.swift */; };
		A3FAB620E2DD6DAFA275655D /* AddEditBudgetView.swift in Sources */ = {isa = PBXBuildFile; fileRef = 7C639C91C08571101266F200 /* AddEditBudgetView.swift */; };
		50AAFAB6085C0466336F9CC8 /* BudgetsView.swift in Sources */ = {isa = PBXBuildFile; fileRef = 8293270CCA58D9E6E26D92B7 /* BudgetsView.swift */; };
		9589B7DCD27F8206748147F1 /* BudgetDetailView.swift in Sources */ = {isa = PBXBuildFile; fileRef = 4F17D78150717C6E9E431672 /* BudgetDetailView.swift */; };
		74EBB369D0827AD07F40442F /* ExchangeRateManager.swift in Sources */ = {isa = PBXBuildFile; fileRef = 26FC0CC86DA61D06F99CD1CB /* ExchangeRateManager.swift */; };
		E46B90B172447621BDD00575 /* ExchangeRateSettingsView.swift in Sources */ = {isa = PBXBuildFile; fileRef = 17B390EE919DEAF6F07ECD04 /* ExchangeRateSettingsView.swift */; };
/* End PBXBuildFile section */

/* Begin PBXFileReference section */
		1AFCA16ED8DB8009BB829594 /* FinTrack.app */ = {isa = PBXFileReference; explicitFileType = wrapper.application; includeInIndex = 0; path = FinTrack.app; sourceTree = BUILT_PRODUCTS_DIR; };
		27E58734E2A21885346D26E0 /* BalanceCard.swift */ = {isa = PBXFileReference; lastKnownFileType = sourcecode.swift; path = BalanceCard.swift; sourceTree = "<group>"; };
		3C39D70C12B091E664ADBDE4 /* TransactionRow.swift */ = {isa = PBXFileReference; lastKnownFileType = sourcecode.swift; path = TransactionRow.swift; sourceTree = "<group>"; };
		407761AC420D582595A7D633 /* SeedData.swift */ = {isa = PBXFileReference; lastKnownFileType = sourcecode.swift; path = SeedData.swift; sourceTree = "<group>"; };
		5A597BF7A45068D64338863D /* SettingsView.swift */ = {isa = PBXFileReference; lastKnownFileType = sourcecode.swift; path = SettingsView.swift; sourceTree = "<group>"; };
		5AA91C436EA64527214D120E /* AddEditAccountView.swift */ = {isa = PBXFileReference; lastKnownFileType = sourcecode.swift; path = AddEditAccountView.swift; sourceTree = "<group>"; };
		67FAEBACAD08ED3AFEEB2279 /* AccountsView.swift */ = {isa = PBXFileReference; lastKnownFileType = sourcecode.swift; path = AccountsView.swift; sourceTree = "<group>"; };
		73D14C95CDD0E974493F20BB /* TransactionsView.swift */ = {isa = PBXFileReference; lastKnownFileType = sourcecode.swift; path = TransactionsView.swift; sourceTree = "<group>"; };
		775C52DD1AEBBCB4437D4D83 /* DashboardView.swift */ = {isa = PBXFileReference; lastKnownFileType = sourcecode.swift; path = DashboardView.swift; sourceTree = "<group>"; };
		7F69296D8AA5AFFC56CE2664 /* Account.swift */ = {isa = PBXFileReference; lastKnownFileType = sourcecode.swift; path = Account.swift; sourceTree = "<group>"; };
		A343B877C383A2628511AF5E /* Currency.swift */ = {isa = PBXFileReference; lastKnownFileType = sourcecode.swift; path = Currency.swift; sourceTree = "<group>"; };
		A85E6C13F1FA6E8EA17F750A /* RootView.swift */ = {isa = PBXFileReference; lastKnownFileType = sourcecode.swift; path = RootView.swift; sourceTree = "<group>"; };
		D0A00CBB4D610338F0B810C6 /* AddEditTransactionView.swift */ = {isa = PBXFileReference; lastKnownFileType = sourcecode.swift; path = AddEditTransactionView.swift; sourceTree = "<group>"; };
		D34E6F10D5FEAE7E5D0BD329 /* ColorPalette.swift */ = {isa = PBXFileReference; lastKnownFileType = sourcecode.swift; path = ColorPalette.swift; sourceTree = "<group>"; };
		D76D2AF0CE6FEC33302AB61E /* AccountDetailView.swift */ = {isa = PBXFileReference; lastKnownFileType = sourcecode.swift; path = AccountDetailView.swift; sourceTree = "<group>"; };
		F053C63C61980B18AA6263E4 /* Category.swift */ = {isa = PBXFileReference; lastKnownFileType = sourcecode.swift; path = Category.swift; sourceTree = "<group>"; };
		F1829FFD6EB0076039DC19BA /* Transaction.swift */ = {isa = PBXFileReference; lastKnownFileType = sourcecode.swift; path = Transaction.swift; sourceTree = "<group>"; };
		FA75C9EEFB489048F50342E4 /* FinTrackApp.swift */ = {isa = PBXFileReference; lastKnownFileType = sourcecode.swift; path = FinTrackApp.swift; sourceTree = "<group>"; };
		FF689CB36E8CEEFF2657D413 /* Assets.xcassets */ = {isa = PBXFileReference; lastKnownFileType = folder.assetcatalog; path = Assets.xcassets; sourceTree = "<group>"; };
		D9176C3292D9569EDEF8512C /* RecurringTransaction.swift */ = {isa = PBXFileReference; lastKnownFileType = sourcecode.swift; path = RecurringTransaction.swift; sourceTree = "<group>"; };
		9D910816B5A699244FFADFE9 /* RecurringTransactionManager.swift */ = {isa = PBXFileReference; lastKnownFileType = sourcecode.swift; path = RecurringTransactionManager.swift; sourceTree = "<group>"; };
		125B9AC2D8CD958FFECBB5FA /* RecurrencesView.swift */ = {isa = PBXFileReference; lastKnownFileType = sourcecode.swift; path = RecurrencesView.swift; sourceTree = "<group>"; };
		87196A76F8540EA9918B575D /* AddEditRecurringTransactionView.swift */ = {isa = PBXFileReference; lastKnownFileType = sourcecode.swift; path = AddEditRecurringTransactionView.swift; sourceTree = "<group>"; };
		DD7E5055F049060968A35BC2 /* AnalyticsDashboardSection.swift */ = {isa = PBXFileReference; lastKnownFileType = sourcecode.swift; path = AnalyticsDashboardSection.swift; sourceTree = "<group>"; };
		A204CEC139DE3F9972A7105F /* Loan.swift */ = {isa = PBXFileReference; lastKnownFileType = sourcecode.swift; path = Loan.swift; sourceTree = "<group>"; };
		9DE24C75EEF2EB296CAEC7C6 /* LoansView.swift */ = {isa = PBXFileReference; lastKnownFileType = sourcecode.swift; path = LoansView.swift; sourceTree = "<group>"; };
		48FB8C0B8F9F61AFDAAE3CC8 /* AddEditLoanView.swift */ = {isa = PBXFileReference; lastKnownFileType = sourcecode.swift; path = AddEditLoanView.swift; sourceTree = "<group>"; };
		42FE84BCE1DA47E72CDEFF11 /* LoanDetailView.swift */ = {isa = PBXFileReference; lastKnownFileType = sourcecode.swift; path = LoanDetailView.swift; sourceTree = "<group>"; };
		09E9D94757A025D488746867 /* SavingsProject.swift */ = {isa = PBXFileReference; lastKnownFileType = sourcecode.swift; path = SavingsProject.swift; sourceTree = "<group>"; };
		72EA414C4647414C1515F2B7 /* CashFlowCalculator.swift */ = {isa = PBXFileReference; lastKnownFileType = sourcecode.swift; path = CashFlowCalculator.swift; sourceTree = "<group>"; };
		D995ACD7F6C34F34F3A6E7EF /* BudgetDashboardSection.swift */ = {isa = PBXFileReference; lastKnownFileType = sourcecode.swift; path = BudgetDashboardSection.swift; sourceTree = "<group>"; };
		5D40FDCA06BF2AE15F1C2F41 /* CashFlowView.swift */ = {isa = PBXFileReference; lastKnownFileType = sourcecode.swift; path = CashFlowView.swift; sourceTree = "<group>"; };
		14B35D753C984C03593B1E14 /* SavingsProjectsView.swift */ = {isa = PBXFileReference; lastKnownFileType = sourcecode.swift; path = SavingsProjectsView.swift; sourceTree = "<group>"; };
		0594AECB8C2D7DB539637464 /* AddEditSavingsProjectView.swift */ = {isa = PBXFileReference; lastKnownFileType = sourcecode.swift; path = AddEditSavingsProjectView.swift; sourceTree = "<group>"; };
		EFDACD9A3259A35308F6BC6C /* CreditLine.swift */ = {isa = PBXFileReference; lastKnownFileType = sourcecode.swift; path = CreditLine.swift; sourceTree = "<group>"; };
		E2DFC423EA38CCA94DF33868 /* CreditLineInterestManager.swift */ = {isa = PBXFileReference; lastKnownFileType = sourcecode.swift; path = CreditLineInterestManager.swift; sourceTree = "<group>"; };
		76A183E86788833043A7F4DD /* AddCreditLineEntryView.swift */ = {isa = PBXFileReference; lastKnownFileType = sourcecode.swift; path = AddCreditLineEntryView.swift; sourceTree = "<group>"; };
		693704C10FF0BF3B5D6DF6BD /* AddEditCreditLineView.swift */ = {isa = PBXFileReference; lastKnownFileType = sourcecode.swift; path = AddEditCreditLineView.swift; sourceTree = "<group>"; };
		456056A2B099C049455F7F10 /* CreditLineDetailView.swift */ = {isa = PBXFileReference; lastKnownFileType = sourcecode.swift; path = CreditLineDetailView.swift; sourceTree = "<group>"; };
		7145838E99C6BA90AEC4B3A8 /* CreditLinesView.swift */ = {isa = PBXFileReference; lastKnownFileType = sourcecode.swift; path = CreditLinesView.swift; sourceTree = "<group>"; };
		62D587BE21232886BA5D9106 /* LanguageManager.swift */ = {isa = PBXFileReference; lastKnownFileType = sourcecode.swift; path = LanguageManager.swift; sourceTree = "<group>"; };
		89CEF3E35A77FC2463375FDF /* LocalizedStrings.swift */ = {isa = PBXFileReference; lastKnownFileType = sourcecode.swift; path = LocalizedStrings.swift; sourceTree = "<group>"; };
		D95AE7FDBD46765CF2C459EA /* LoanPrepayment.swift */ = {isa = PBXFileReference; lastKnownFileType = sourcecode.swift; path = LoanPrepayment.swift; sourceTree = "<group>"; };
		D5E887C892C53194E107C95F /* AddEditPrepaymentView.swift */ = {isa = PBXFileReference; lastKnownFileType = sourcecode.swift; path = AddEditPrepaymentView.swift; sourceTree = "<group>"; };
		F982256D2C20677F23F33DD8 /* BankDirectory.swift */ = {isa = PBXFileReference; lastKnownFileType = sourcecode.swift; path = BankDirectory.swift; sourceTree = "<group>"; };
		C574E73ABDB03518FD603080 /* BankPicker.swift */ = {isa = PBXFileReference; lastKnownFileType = sourcecode.swift; path = BankPicker.swift; sourceTree = "<group>"; };
		52E6CA305937C42E1A7876E1 /* NotificationManager.swift */ = {isa = PBXFileReference; lastKnownFileType = sourcecode.swift; path = NotificationManager.swift; sourceTree = "<group>"; };
		91BA447ECCCEE2FB354E8567 /* NotificationSettingsView.swift */ = {isa = PBXFileReference; lastKnownFileType = sourcecode.swift; path = NotificationSettingsView.swift; sourceTree = "<group>"; };
		DD57FF2A7B0E5E204F511B08 /* FinTrack.entitlements */ = {isa = PBXFileReference; lastKnownFileType = text.plist.entitlements; path = FinTrack.entitlements; sourceTree = "<group>"; };
		E64FF7387150CEBF8373B32B /* CloudSyncSettingsView.swift */ = {isa = PBXFileReference; lastKnownFileType = sourcecode.swift; path = CloudSyncSettingsView.swift; sourceTree = "<group>"; };
		7840AC4B4E9DA179D9976AC7 /* KeychainHelper.swift */ = {isa = PBXFileReference; lastKnownFileType = sourcecode.swift; path = KeychainHelper.swift; sourceTree = "<group>"; };
		0B72FF2424D35F721606F127 /* AppLockManager.swift */ = {isa = PBXFileReference; lastKnownFileType = sourcecode.swift; path = AppLockManager.swift; sourceTree = "<group>"; };
		3BFAB9613F2B876A3FA7FEBA /* PINPadView.swift */ = {isa = PBXFileReference; lastKnownFileType = sourcecode.swift; path = PINPadView.swift; sourceTree = "<group>"; };
		61C7CEFB4A6B79D138F46FB7 /* SetupAccountView.swift */ = {isa = PBXFileReference; lastKnownFileType = sourcecode.swift; path = SetupAccountView.swift; sourceTree = "<group>"; };
		403A0459018CFBCADE61C6A9 /* LockScreenView.swift */ = {isa = PBXFileReference; lastKnownFileType = sourcecode.swift; path = LockScreenView.swift; sourceTree = "<group>"; };
		FAA915273C2BA2663313592B /* SecuritySettingsView.swift */ = {isa = PBXFileReference; lastKnownFileType = sourcecode.swift; path = SecuritySettingsView.swift; sourceTree = "<group>"; };
		C6DAFB438F747F3A4E7B1F0A /* Budget.swift */ = {isa = PBXFileReference; lastKnownFileType = sourcecode.swift; path = Budget.swift; sourceTree = "<group>"; };
		7C639C91C08571101266F200 /* AddEditBudgetView.swift */ = {isa = PBXFileReference; lastKnownFileType = sourcecode.swift; path = AddEditBudgetView.swift; sourceTree = "<group>"; };
		8293270CCA58D9E6E26D92B7 /* BudgetsView.swift */ = {isa = PBXFileReference; lastKnownFileType = sourcecode.swift; path = BudgetsView.swift; sourceTree = "<group>"; };
		4F17D78150717C6E9E431672 /* BudgetDetailView.swift */ = {isa = PBXFileReference; lastKnownFileType = sourcecode.swift; path = BudgetDetailView.swift; sourceTree = "<group>"; };
		26FC0CC86DA61D06F99CD1CB /* ExchangeRateManager.swift */ = {isa = PBXFileReference; lastKnownFileType = sourcecode.swift; path = ExchangeRateManager.swift; sourceTree = "<group>"; };
		17B390EE919DEAF6F07ECD04 /* ExchangeRateSettingsView.swift */ = {isa = PBXFileReference; lastKnownFileType = sourcecode.swift; path = ExchangeRateSettingsView.swift; sourceTree = "<group>"; };
/* End PBXFileReference section */

/* Begin PBXGroup section */
		0792ABF971B545FD80425FD6 /* Utilities */ = {
			isa = PBXGroup;
			children = (
				D34E6F10D5FEAE7E5D0BD329 /* ColorPalette.swift */,
				26FC0CC86DA61D06F99CD1CB /* ExchangeRateManager.swift */,
				52E6CA305937C42E1A7876E1 /* NotificationManager.swift */,
				F982256D2C20677F23F33DD8 /* BankDirectory.swift */,
				9D910816B5A699244FFADFE9 /* RecurringTransactionManager.swift */,
				72EA414C4647414C1515F2B7 /* CashFlowCalculator.swift */,
				E2DFC423EA38CCA94DF33868 /* CreditLineInterestManager.swift */,
				407761AC420D582595A7D633 /* SeedData.swift */,
			);
			path = Utilities;
			sourceTree = "<group>";
		};
		472D159D5C5EAF9F408C3FBD /* Views */ = {
			isa = PBXGroup;
			children = (
				D76D2AF0CE6FEC33302AB61E /* AccountDetailView.swift */,
				DD7E5055F049060968A35BC2 /* AnalyticsDashboardSection.swift */,
				D995ACD7F6C34F34F3A6E7EF /* BudgetDashboardSection.swift */,
				5D40FDCA06BF2AE15F1C2F41 /* CashFlowView.swift */,
				14B35D753C984C03593B1E14 /* SavingsProjectsView.swift */,
				0594AECB8C2D7DB539637464 /* AddEditSavingsProjectView.swift */,
				76A183E86788833043A7F4DD /* AddCreditLineEntryView.swift */,
				693704C10FF0BF3B5D6DF6BD /* AddEditCreditLineView.swift */,
				456056A2B099C049455F7F10 /* CreditLineDetailView.swift */,
				7145838E99C6BA90AEC4B3A8 /* CreditLinesView.swift */,
				48FB8C0B8F9F61AFDAAE3CC8 /* AddEditLoanView.swift */,
				42FE84BCE1DA47E72CDEFF11 /* LoanDetailView.swift */,
				9DE24C75EEF2EB296CAEC7C6 /* LoansView.swift */,
				67FAEBACAD08ED3AFEEB2279 /* AccountsView.swift */,
				7C639C91C08571101266F200 /* AddEditBudgetView.swift */,
				8293270CCA58D9E6E26D92B7 /* BudgetsView.swift */,
				4F17D78150717C6E9E431672 /* BudgetDetailView.swift */,
				5AA91C436EA64527214D120E /* AddEditAccountView.swift */,
				87196A76F8540EA9918B575D /* AddEditRecurringTransactionView.swift */,
				D0A00CBB4D610338F0B810C6 /* AddEditTransactionView.swift */,
				D5E887C892C53194E107C95F /* AddEditPrepaymentView.swift */,
				125B9AC2D8CD958FFECBB5FA /* RecurrencesView.swift */,
				775C52DD1AEBBCB4437D4D83 /* DashboardView.swift */,
				A85E6C13F1FA6E8EA17F750A /* RootView.swift */,
				5A597BF7A45068D64338863D /* SettingsView.swift */,
				17B390EE919DEAF6F07ECD04 /* ExchangeRateSettingsView.swift */,
				E64FF7387150CEBF8373B32B /* CloudSyncSettingsView.swift */,
				91BA447ECCCEE2FB354E8567 /* NotificationSettingsView.swift */,
				73D14C95CDD0E974493F20BB /* TransactionsView.swift */,
				C587C942D6C553E71658CD6D /* Components */,
			);
			path = Views;
			sourceTree = "<group>";
		};
		8FEFFF70363081D23CE6586E /* Products */ = {
			isa = PBXGroup;
			children = (
				1AFCA16ED8DB8009BB829594 /* FinTrack.app */,
			);
			name = Products;
			sourceTree = "<group>";
		};
		981F1E41C2EB8703A6E1F6A0 /* FinTrack */ = {
			isa = PBXGroup;
			children = (
				FF689CB36E8CEEFF2657D413 /* Assets.xcassets */,
				FA75C9EEFB489048F50342E4 /* FinTrackApp.swift */,
				DD57FF2A7B0E5E204F511B08 /* FinTrack.entitlements */,
				A96289E687731417561F7EB0 /* Models */,
				0792ABF971B545FD80425FD6 /* Utilities */,
				B0CC6F0D2B7879414A9D82D5 /* Localization */,
				472D159D5C5EAF9F408C3FBD /* Views */,
				B5FE33CACB118BD231844E12 /* Security */,
			);
			path = FinTrack;
			sourceTree = "<group>";
		};
		A96289E687731417561F7EB0 /* Models */ = {
			isa = PBXGroup;
			children = (
				7F69296D8AA5AFFC56CE2664 /* Account.swift */,
				C6DAFB438F747F3A4E7B1F0A /* Budget.swift */,
				D95AE7FDBD46765CF2C459EA /* LoanPrepayment.swift */,
				F053C63C61980B18AA6263E4 /* Category.swift */,
				A343B877C383A2628511AF5E /* Currency.swift */,
				D9176C3292D9569EDEF8512C /* RecurringTransaction.swift */,
				A204CEC139DE3F9972A7105F /* Loan.swift */,
				09E9D94757A025D488746867 /* SavingsProject.swift */,
				EFDACD9A3259A35308F6BC6C /* CreditLine.swift */,
				F1829FFD6EB0076039DC19BA /* Transaction.swift */,
			);
			path = Models;
			sourceTree = "<group>";
		};
		B621CC9F1605F08DA5E989F3 = {
			isa = PBXGroup;
			children = (
				981F1E41C2EB8703A6E1F6A0 /* FinTrack */,
				8FEFFF70363081D23CE6586E /* Products */,
			);
			sourceTree = "<group>";
		};
		C587C942D6C553E71658CD6D /* Components */ = {
			isa = PBXGroup;
			children = (
				27E58734E2A21885346D26E0 /* BalanceCard.swift */,
				C574E73ABDB03518FD603080 /* BankPicker.swift */,
				3C39D70C12B091E664ADBDE4 /* TransactionRow.swift */,
			);
			path = Components;
			sourceTree = "<group>";
		};
		B0CC6F0D2B7879414A9D82D5 /* Localization */ = {
			isa = PBXGroup;
			children = (
				62D587BE21232886BA5D9106 /* LanguageManager.swift */,
				89CEF3E35A77FC2463375FDF /* LocalizedStrings.swift */,
			);
			path = Localization;
			sourceTree = "<group>";
		};
		B5FE33CACB118BD231844E12 /* Security */ = {
			isa = PBXGroup;
			children = (
				7840AC4B4E9DA179D9976AC7 /* KeychainHelper.swift */,
				0B72FF2424D35F721606F127 /* AppLockManager.swift */,
				3BFAB9613F2B876A3FA7FEBA /* PINPadView.swift */,
				61C7CEFB4A6B79D138F46FB7 /* SetupAccountView.swift */,
				403A0459018CFBCADE61C6A9 /* LockScreenView.swift */,
				FAA915273C2BA2663313592B /* SecuritySettingsView.swift */,
			);
			path = Security;
			sourceTree = "<group>";
		};
/* End PBXGroup section */

/* Begin PBXNativeTarget section */
		BCC9E8CE80AA63487F25327F /* FinTrack */ = {
			isa = PBXNativeTarget;
			buildConfigurationList = 0B94DE84FA26B718BE5C4FA4 /* Build configuration list for PBXNativeTarget "FinTrack" */;
			buildPhases = (
				0FACDFC1E432BA8353DDBAC8 /* Sources */,
				CDB1EEF60BF4890E3143C394 /* Resources */,
			);
			buildRules = (
			);
			dependencies = (
			);
			name = FinTrack;
			packageProductDependencies = (
			);
			productName = FinTrack;
			productReference = 1AFCA16ED8DB8009BB829594 /* FinTrack.app */;
			productType = "com.apple.product-type.application";
		};
/* End PBXNativeTarget section */

/* Begin PBXProject section */
		23BB535367AFAFB8EDD76182 /* Project object */ = {
			isa = PBXProject;
			attributes = {
				BuildIndependentTargetsInParallel = YES;
				LastUpgradeCheck = 1430;
				TargetAttributes = {
					BCC9E8CE80AA63487F25327F = {
						ProvisioningStyle = Automatic;
					};
				};
			};
			buildConfigurationList = 73039E86BE1B7960E2425965 /* Build configuration list for PBXProject "FinTrack" */;
			developmentRegion = en;
			hasScannedForEncodings = 0;
			knownRegions = (
				Base,
				en,
			);
			mainGroup = B621CC9F1605F08DA5E989F3;
			minimizedProjectReferenceProxies = 1;
			preferredProjectObjectVersion = 77;
			productRefGroup = 8FEFFF70363081D23CE6586E /* Products */;
			projectDirPath = "";
			projectRoot = "";
			targets = (
				BCC9E8CE80AA63487F25327F /* FinTrack */,
			);
		};
/* End PBXProject section */

/* Begin PBXResourcesBuildPhase section */
		CDB1EEF60BF4890E3143C394 /* Resources */ = {
			isa = PBXResourcesBuildPhase;
			buildActionMask = 2147483647;
			files = (
				BC170E5903A1EED10F891F85 /* Assets.xcassets in Resources */,
			);
			runOnlyForDeploymentPostprocessing = 0;
		};
/* End PBXResourcesBuildPhase section */

/* Begin PBXSourcesBuildPhase section */
		0FACDFC1E432BA8353DDBAC8 /* Sources */ = {
			isa = PBXSourcesBuildPhase;
			buildActionMask = 2147483647;
			files = (
				F1F79896855354F2AE090AA5 /* Account.swift in Sources */,
				30D49F78C629D486133B32EA /* CreditLine.swift in Sources */,
				CFDF8BF2054547B463B99102 /* CreditLineInterestManager.swift in Sources */,
				6BFFE1A86BA7279E283FD974 /* AddCreditLineEntryView.swift in Sources */,
				682808AEF32512F27D8FB7C1 /* AddEditCreditLineView.swift in Sources */,
				51B74CD0991B998803F9E5C7 /* CreditLineDetailView.swift in Sources */,
				DDB2F3FECBB5936CA4DEE2C8 /* CreditLinesView.swift in Sources */,
				FE3B8A1C888D722ABC7F5EFE /* SavingsProject.swift in Sources */,
				27241ABC7410EE7C310C75F2 /* CashFlowCalculator.swift in Sources */,
				38DAAD8E9452CF6C3582E97A /* BudgetDashboardSection.swift in Sources */,
				F4DCA360B6ACAA99F7307DAC /* CashFlowView.swift in Sources */,
				AE60CEFED9D0DD214526F2A5 /* SavingsProjectsView.swift in Sources */,
				D3132619822C0C4058E1003E /* AddEditSavingsProjectView.swift in Sources */,
				EA26B5D8845B5574CC95F6D5 /* Loan.swift in Sources */,
				EA43985DFCDBD7FB640756EA /* LoansView.swift in Sources */,
				0888FE86DAB2CEB5D0AC686E /* AddEditLoanView.swift in Sources */,
				DE008E493C4E18AF10D610BA /* LoanDetailView.swift in Sources */,
				2CF09101984C7B1944C4FF8D /* AnalyticsDashboardSection.swift in Sources */,
				2250CF4D4FD7001E13E78B0E /* AddEditRecurringTransactionView.swift in Sources */,
				F998DE904FFBE7D2F5D927AD /* RecurringTransaction.swift in Sources */,
				9A9A32443827A9E6E22D2FB5 /* RecurringTransactionManager.swift in Sources */,
				0C59EC5012BEF259DE21BBCC /* RecurrencesView.swift in Sources */,
				708A7E841F0FE54C408D2E08 /* AccountDetailView.swift in Sources */,
				E6979FF6D154A0B6E9A76A9D /* AccountsView.swift in Sources */,
				9CFCDC8334BB2628623BFD6D /* AddEditAccountView.swift in Sources */,
				5FDC9958AC1B5F7B003A4C73 /* AddEditTransactionView.swift in Sources */,
				21AA1302B7738A6C9CA2D1E6 /* BalanceCard.swift in Sources */,
				4E799AAC5FE4E53DE66E999A /* Category.swift in Sources */,
				E84D84543E5267B1FE8DC415 /* ColorPalette.swift in Sources */,
				552850B5EC610AD21FD28F95 /* Currency.swift in Sources */,
				2BE98E5E17B28677AC3D2AD8 /* DashboardView.swift in Sources */,
				BDDA758C9D4C28BFA7174B8A /* FinTrackApp.swift in Sources */,
				167DD8D94BD2C94A5D09FCC6 /* RootView.swift in Sources */,
				17D35A490B812757B7DA1041 /* SeedData.swift in Sources */,
				FEBFF9935E3B84CAFF02F78B /* SettingsView.swift in Sources */,
				74EBB369D0827AD07F40442F /* ExchangeRateManager.swift in Sources */,
				E46B90B172447621BDD00575 /* ExchangeRateSettingsView.swift in Sources */,

				362BA39F7593D58F36CB132C /* Budget.swift in Sources */,
				A3FAB620E2DD6DAFA275655D /* AddEditBudgetView.swift in Sources */,
				50AAFAB6085C0466336F9CC8 /* BudgetsView.swift in Sources */,
				9589B7DCD27F8206748147F1 /* BudgetDetailView.swift in Sources */,

				8561D93BA3DC5F3724D6D4E4 /* KeychainHelper.swift in Sources */,
				D1B8F88A1E4E922C528CA93D /* AppLockManager.swift in Sources */,
				106920A3035FA69C37399ECA /* PINPadView.swift in Sources */,
				68F3D04A333D2D5EDB205F04 /* SetupAccountView.swift in Sources */,
				BC7733275899CA03991394EE /* LockScreenView.swift in Sources */,
				9183DA68EC21250E54CF158E /* SecuritySettingsView.swift in Sources */,

				6CDB792AA2777C3185F37CFB /* CloudSyncSettingsView.swift in Sources */,
				C75FD39211FB65E073E06050 /* NotificationManager.swift in Sources */,
				D2E79662D386F09A8C63CAB6 /* NotificationSettingsView.swift in Sources */,
				774109B734D18248ECD4F416 /* BankDirectory.swift in Sources */,
				7D059B45A90CB57BC3BFC495 /* BankPicker.swift in Sources */,
				BF188BDB02A23E67496A284C /* LoanPrepayment.swift in Sources */,
				2587F30F1BF1B29FD2DC8719 /* AddEditPrepaymentView.swift in Sources */,

				2926639C4AF2BA98292F8449 /* LanguageManager.swift in Sources */,
				993DA07AD716A11C96937DE7 /* LocalizedStrings.swift in Sources */,

				F4ECF44923BC9CF1C85E7CD2 /* Transaction.swift in Sources */,
				82765C0497359E218868B01F /* TransactionRow.swift in Sources */,
				06C2E07EE5FBAE507ACB0421 /* TransactionsView.swift in Sources */,
			);
			runOnlyForDeploymentPostprocessing = 0;
		};
/* End PBXSourcesBuildPhase section */

/* Begin XCBuildConfiguration section */
		3540F495C7C120522C6C2DFD /* Release */ = {
			isa = XCBuildConfiguration;
			buildSettings = {
				ASSETCATALOG_COMPILER_APPICON_NAME = AppIcon;
				ASSETCATALOG_COMPILER_GLOBAL_ACCENT_COLOR_NAME = AccentColor;
				CODE_SIGN_IDENTITY = "iPhone Developer";
				CODE_SIGN_STYLE = Automatic;
				CURRENT_PROJECT_VERSION = 1;
				DEVELOPMENT_LANGUAGE = fr;
				DEVELOPMENT_TEAM = 38N594NGP9;
				ENABLE_PREVIEWS = YES;
				GENERATE_INFOPLIST_FILE = YES;
				INFOPLIST_KEY_CFBundleDisplayName = FinTrack;
				INFOPLIST_KEY_LSApplicationCategoryType = "public.app-category.finance";
				INFOPLIST_KEY_UIApplicationSceneManifest_Generation = YES;
				INFOPLIST_KEY_NSFaceIDUsageDescription = "FinTrack utilise Face ID pour déverrouiller l'application.";
				INFOPLIST_KEY_UILaunchScreen_Generation = YES;
				INFOPLIST_KEY_UISupportedInterfaceOrientations_iPhone = "UIInterfaceOrientationPortrait UIInterfaceOrientationLandscapeLeft UIInterfaceOrientationLandscapeRight";
				IPHONEOS_DEPLOYMENT_TARGET = 17.0;
				LD_RUNPATH_SEARCH_PATHS = (
					"$(inherited)",
					"@executable_path/Frameworks",
				);
				MARKETING_VERSION = 1.0;
				PRODUCT_BUNDLE_IDENTIFIER = ca.regis.fintrack;
				PRODUCT_NAME = FinTrack;
				SDKROOT = iphoneos;
				SWIFT_EMIT_LOC_STRINGS = YES;
				SWIFT_VERSION = 5.9;
				TARGETED_DEVICE_FAMILY = 1;
			};
			name = Release;
		};
		49CAEF630282F2E6EF4E4F44 /* Debug */ = {
			isa = XCBuildConfiguration;
			buildSettings = {
				ASSETCATALOG_COMPILER_APPICON_NAME = AppIcon;
				ASSETCATALOG_COMPILER_GLOBAL_ACCENT_COLOR_NAME = AccentColor;
				CODE_SIGN_IDENTITY = "iPhone Developer";
				CODE_SIGN_STYLE = Automatic;
				CURRENT_PROJECT_VERSION = 1;
				DEVELOPMENT_LANGUAGE = fr;
				DEVELOPMENT_TEAM = 38N594NGP9;
				ENABLE_PREVIEWS = YES;
				GENERATE_INFOPLIST_FILE = YES;
				INFOPLIST_KEY_CFBundleDisplayName = FinTrack;
				INFOPLIST_KEY_LSApplicationCategoryType = "public.app-category.finance";
				INFOPLIST_KEY_UIApplicationSceneManifest_Generation = YES;
				INFOPLIST_KEY_NSFaceIDUsageDescription = "FinTrack utilise Face ID pour déverrouiller l'application.";
				INFOPLIST_KEY_UILaunchScreen_Generation = YES;
				INFOPLIST_KEY_UISupportedInterfaceOrientations_iPhone = "UIInterfaceOrientationPortrait UIInterfaceOrientationLandscapeLeft UIInterfaceOrientationLandscapeRight";
				IPHONEOS_DEPLOYMENT_TARGET = 17.0;
				LD_RUNPATH_SEARCH_PATHS = (
					"$(inherited)",
					"@executable_path/Frameworks",
				);
				MARKETING_VERSION = 1.0;
				PRODUCT_BUNDLE_IDENTIFIER = ca.regis.fintrack;
				PRODUCT_NAME = FinTrack;
				SDKROOT = iphoneos;
				SWIFT_EMIT_LOC_STRINGS = YES;
				SWIFT_VERSION = 5.9;
				TARGETED_DEVICE_FAMILY = 1;
			};
			name = Debug;
		};
		92F58B6FB46053210A48A5F5 /* Debug */ = {
			isa = XCBuildConfiguration;
			buildSettings = {
				ALWAYS_SEARCH_USER_PATHS = NO;
				CLANG_ANALYZER_NONNULL = YES;
				CLANG_ANALYZER_NUMBER_OBJECT_CONVERSION = YES_AGGRESSIVE;
				CLANG_CXX_LANGUAGE_STANDARD = "gnu++14";
				CLANG_CXX_LIBRARY = "libc++";
				CLANG_ENABLE_MODULES = YES;
				CLANG_ENABLE_OBJC_ARC = YES;
				CLANG_ENABLE_OBJC_WEAK = YES;
				CLANG_WARN_BLOCK_CAPTURE_AUTORELEASING = YES;
				CLANG_WARN_BOOL_CONVERSION = YES;
				CLANG_WARN_COMMA = YES;
				CLANG_WARN_CONSTANT_CONVERSION = YES;
				CLANG_WARN_DEPRECATED_OBJC_IMPLEMENTATIONS = YES;
				CLANG_WARN_DIRECT_OBJC_ISA_USAGE = YES_ERROR;
				CLANG_WARN_DOCUMENTATION_COMMENTS = YES;
				CLANG_WARN_EMPTY_BODY = YES;
				CLANG_WARN_ENUM_CONVERSION = YES;
				CLANG_WARN_INFINITE_RECURSION = YES;
				CLANG_WARN_INT_CONVERSION = YES;
				CLANG_WARN_NON_LITERAL_NULL_CONVERSION = YES;
				CLANG_WARN_OBJC_IMPLICIT_RETAIN_SELF = YES;
				CLANG_WARN_OBJC_LITERAL_CONVERSION = YES;
				CLANG_WARN_OBJC_ROOT_CLASS = YES_ERROR;
				CLANG_WARN_QUOTED_INCLUDE_IN_FRAMEWORK_HEADER = YES;
				CLANG_WARN_RANGE_LOOP_ANALYSIS = YES;
				CLANG_WARN_STRICT_PROTOTYPES = YES;
				CLANG_WARN_SUSPICIOUS_MOVE = YES;
				CLANG_WARN_UNGUARDED_AVAILABILITY = YES_AGGRESSIVE;
				CLANG_WARN_UNREACHABLE_CODE = YES;
				CLANG_WARN__DUPLICATE_METHOD_MATCH = YES;
				COPY_PHASE_STRIP = NO;
				DEBUG_INFORMATION_FORMAT = dwarf;
				ENABLE_STRICT_OBJC_MSGSEND = YES;
				ENABLE_TESTABILITY = YES;
				GCC_C_LANGUAGE_STANDARD = gnu11;
				GCC_DYNAMIC_NO_PIC = NO;
				GCC_NO_COMMON_BLOCKS = YES;
				GCC_OPTIMIZATION_LEVEL = 0;
				GCC_PREPROCESSOR_DEFINITIONS = (
					"$(inherited)",
					"DEBUG=1",
				);
				GCC_WARN_64_TO_32_BIT_CONVERSION = YES;
				GCC_WARN_ABOUT_RETURN_TYPE = YES_ERROR;
				GCC_WARN_UNDECLARED_SELECTOR = YES;
				GCC_WARN_UNINITIALIZED_AUTOS = YES_AGGRESSIVE;
				GCC_WARN_UNUSED_FUNCTION = YES;
				GCC_WARN_UNUSED_VARIABLE = YES;
				IPHONEOS_DEPLOYMENT_TARGET = 17.0;
				MTL_ENABLE_DEBUG_INFO = INCLUDE_SOURCE;
				MTL_FAST_MATH = YES;
				ONLY_ACTIVE_ARCH = YES;
				PRODUCT_NAME = "$(TARGET_NAME)";
				SDKROOT = iphoneos;
				SWIFT_ACTIVE_COMPILATION_CONDITIONS = DEBUG;
				SWIFT_OPTIMIZATION_LEVEL = "-Onone";
				SWIFT_VERSION = 5.0;
			};
			name = Debug;
		};
		95EE88A388F9201477908CAD /* Release */ = {
			isa = XCBuildConfiguration;
			buildSettings = {
				ALWAYS_SEARCH_USER_PATHS = NO;
				CLANG_ANALYZER_NONNULL = YES;
				CLANG_ANALYZER_NUMBER_OBJECT_CONVERSION = YES_AGGRESSIVE;
				CLANG_CXX_LANGUAGE_STANDARD = "gnu++14";
				CLANG_CXX_LIBRARY = "libc++";
				CLANG_ENABLE_MODULES = YES;
				CLANG_ENABLE_OBJC_ARC = YES;
				CLANG_ENABLE_OBJC_WEAK = YES;
				CLANG_WARN_BLOCK_CAPTURE_AUTORELEASING = YES;
				CLANG_WARN_BOOL_CONVERSION = YES;
				CLANG_WARN_COMMA = YES;
				CLANG_WARN_CONSTANT_CONVERSION = YES;
				CLANG_WARN_DEPRECATED_OBJC_IMPLEMENTATIONS = YES;
				CLANG_WARN_DIRECT_OBJC_ISA_USAGE = YES_ERROR;
				CLANG_WARN_DOCUMENTATION_COMMENTS = YES;
				CLANG_WARN_EMPTY_BODY = YES;
				CLANG_WARN_ENUM_CONVERSION = YES;
				CLANG_WARN_INFINITE_RECURSION = YES;
				CLANG_WARN_INT_CONVERSION = YES;
				CLANG_WARN_NON_LITERAL_NULL_CONVERSION = YES;
				CLANG_WARN_OBJC_IMPLICIT_RETAIN_SELF = YES;
				CLANG_WARN_OBJC_LITERAL_CONVERSION = YES;
				CLANG_WARN_OBJC_ROOT_CLASS = YES_ERROR;
				CLANG_WARN_QUOTED_INCLUDE_IN_FRAMEWORK_HEADER = YES;
				CLANG_WARN_RANGE_LOOP_ANALYSIS = YES;
				CLANG_WARN_STRICT_PROTOTYPES = YES;
				CLANG_WARN_SUSPICIOUS_MOVE = YES;
				CLANG_WARN_UNGUARDED_AVAILABILITY = YES_AGGRESSIVE;
				CLANG_WARN_UNREACHABLE_CODE = YES;
				CLANG_WARN__DUPLICATE_METHOD_MATCH = YES;
				COPY_PHASE_STRIP = NO;
				DEBUG_INFORMATION_FORMAT = "dwarf-with-dsym";
				ENABLE_NS_ASSERTIONS = NO;
				ENABLE_STRICT_OBJC_MSGSEND = YES;
				GCC_C_LANGUAGE_STANDARD = gnu11;
				GCC_NO_COMMON_BLOCKS = YES;
				GCC_WARN_64_TO_32_BIT_CONVERSION = YES;
				GCC_WARN_ABOUT_RETURN_TYPE = YES_ERROR;
				GCC_WARN_UNDECLARED_SELECTOR = YES;
				GCC_WARN_UNINITIALIZED_AUTOS = YES_AGGRESSIVE;
				GCC_WARN_UNUSED_FUNCTION = YES;
				GCC_WARN_UNUSED_VARIABLE = YES;
				IPHONEOS_DEPLOYMENT_TARGET = 17.0;
				MTL_ENABLE_DEBUG_INFO = NO;
				MTL_FAST_MATH = YES;
				PRODUCT_NAME = "$(TARGET_NAME)";
				SDKROOT = iphoneos;
				SWIFT_COMPILATION_MODE = wholemodule;
				SWIFT_OPTIMIZATION_LEVEL = "-O";
				SWIFT_VERSION = 5.0;
			};
			name = Release;
		};
/* End XCBuildConfiguration section */

/* Begin XCConfigurationList section */
		0B94DE84FA26B718BE5C4FA4 /* Build configuration list for PBXNativeTarget "FinTrack" */ = {
			isa = XCConfigurationList;
			buildConfigurations = (
				49CAEF630282F2E6EF4E4F44 /* Debug */,
				3540F495C7C120522C6C2DFD /* Release */,
			);
			defaultConfigurationIsVisible = 0;
			defaultConfigurationName = Debug;
		};
		73039E86BE1B7960E2425965 /* Build configuration list for PBXProject "FinTrack" */ = {
			isa = XCConfigurationList;
			buildConfigurations = (
				92F58B6FB46053210A48A5F5 /* Debug */,
				95EE88A388F9201477908CAD /* Release */,
			);
			defaultConfigurationIsVisible = 0;
			defaultConfigurationName = Debug;
		};
/* End XCConfigurationList section */
	};
	rootObject = 23BB535367AFAFB8EDD76182 /* Project object */;
}
